
Microsoft Visual Studio Solution File, Format Version 11.00
# Visual Studio 2010
Project("{FAE04EC0-301F-11D3-BF4B-00C04F79EFBC}") = "Zenject", "Zenject.csproj", "{e30e92f1-3342-f76b-3f6c-9d80cbf4a357}"
EndProject
Project("{FAE04EC0-301F-11D3-BF4B-00C04F79EFBC}") = "Zenject-Editor", "Zenject-Editor.csproj", "{58fb7bec-2c9e-98c2-d52e-7d989af3f5a7}"
EndProject
Project("{FAE04EC0-301F-11D3-BF4B-00C04F79EFBC}") = "Assembly-CSharp", "Assembly-CSharp.csproj", "{ef47d6d6-b9f4-0388-45db-a789987f3b16}"
EndProject
Project("{FAE04EC0-301F-11D3-BF4B-00C04F79EFBC}") = "Assembly-CSharp-Editor", "Assembly-CSharp-Editor.csproj", "{9373a2e1-cf91-1da0-8990-67b18e157efb}"
EndProject
Global
	GlobalSection(SolutionConfigurationPlatforms) = preSolution
		Debug|Any CPU = Debug|Any CPU
	EndGlobalSection
	GlobalSection(ProjectConfigurationPlatforms) = postSolution
		{e30e92f1-3342-f76b-3f6c-9d80cbf4a357}.Debug|Any CPU.ActiveCfg = Debug|Any CPU
		{e30e92f1-3342-f76b-3f6c-9d80cbf4a357}.Debug|Any CPU.Build.0 = Debug|Any CPU
		{58fb7bec-2c9e-98c2-d52e-7d989af3f5a7}.Debug|Any CPU.ActiveCfg = Debug|Any CPU
		{58fb7bec-2c9e-98c2-d52e-7d989af3f5a7}.Debug|Any CPU.Build.0 = Debug|Any CPU
		{ef47d6d6-b9f4-0388-45db-a789987f3b16}.Debug|Any CPU.ActiveCfg = Debug|Any CPU
		{ef47d6d6-b9f4-0388-45db-a789987f3b16}.Debug|Any CPU.Build.0 = Debug|Any CPU
		{9373a2e1-cf91-1da0-8990-67b18e157efb}.Debug|Any CPU.ActiveCfg = Debug|Any CPU
		{9373a2e1-cf91-1da0-8990-67b18e157efb}.Debug|Any CPU.Build.0 = Debug|Any CPU
	EndGlobalSection
	GlobalSection(SolutionProperties) = preSolution
		HideSolutionNode = FALSE
	EndGlobalSection
EndGlobal
